Microsoft Visual Studio Solution File, Format Version 11.00
# Visual Studio 2008

Project("{FDBE4E46-DCDB-6BAA-705F-8B5797EDB4ED}") = "Tap Cat", "Assembly-CSharp.csproj", "{04EA10E0-6D9C-12C9-44F3-145019446364}"
EndProject
Global
	GlobalSection(SolutionConfigurationPlatforms) = preSolution
		Debug|Any CPU = Debug|Any CPU
		Release|Any CPU = Release|Any CPU
	EndGlobalSection
	GlobalSection(ProjectConfigurationPlatforms) = postSolution
		{04EA10E0-6D9C-12C9-44F3-145019446364}.Debug|Any CPU.ActiveCfg = Debug|Any CPU
		{04EA10E0-6D9C-12C9-44F3-145019446364}.Debug|Any CPU.Build.0 = Debug|Any CPU
		{04EA10E0-6D9C-12C9-44F3-145019446364}.Release|Any CPU.ActiveCfg = Release|Any CPU
		{04EA10E0-6D9C-12C9-44F3-145019446364}.Release|Any CPU.Build.0 = Release|Any CPU
	EndGlobalSection
	GlobalSection(SolutionProperties) = preSolution
		HideSolutionNode = FALSE
	EndGlobalSection
	GlobalSection(MonoDevelopProperties) = preSolution
		StartupItem = Assembly-CSharp.csproj
	EndGlobalSection
EndGlobal
